
Microsoft Visual Studio Solution File, Format Version 12.00
# Visual Studio Version 17
VisualStudioVersion = 17.5.33516.290
MinimumVisualStudioVersion = 10.0.40219.1
Project("{FAE04EC0-301F-11D3-BF4B-00C04F79EFBC}") = "WebApplication1", "WebApplication1\WebApplication1.csproj", "{110D6073-7C2A-4629-A1B2-E1785917DEDE}"
EndProject
Global
	GlobalSection(SolutionConfigurationPlatforms) = preSolution
		Debug|Any CPU = Debug|Any CPU
		Release|Any CPU = Release|Any CPU
	EndGlobalSection
	GlobalSection(ProjectConfigurationPlatforms) = postSolution
		{110D6073-7C2A-4629-A1B2-E1785917DEDE}.Debug|Any CPU.ActiveCfg = Debug|Any CPU
		{110D6073-7C2A-4629-A1B2-E1785917DEDE}.Debug|Any CPU.Build.0 = Debug|Any CPU
		{110D6073-7C2A-4629-A1B2-E1785917DEDE}.Release|Any CPU.ActiveCfg = Release|Any CPU
		{110D6073-7C2A-4629-A1B2-E1785917DEDE}.Release|Any CPU.Build.0 = Release|Any CPU
	EndGlobalSection
	GlobalSection(SolutionProperties) = preSolution
		HideSolutionNode = FALSE
	EndGlobalSection
	GlobalSection(ExtensibilityGlobals) = postSolution
		SolutionGuid = {929A7A0F-7A4B-410A-A3AC-16A8CAC2A8C2}
	EndGlobalSection
EndGlobal
